# THIS IS AN AUTOGENERATED FILE. DO NOT EDIT THIS FILE DIRECTLY.
# yarn lockfile v1


bootstrap@v4.0.0-alpha.6:
  version "4.0.0-alpha.6"
  resolved "https://registry.yarnpkg.com/bootstrap/-/bootstrap-4.0.0-alpha.6.tgz#4f54dd33ac0deac3b28407bc2df7ec608869c9c8"
  dependencies:
    jquery ">=1.9.1"
    tether "^1.4.0"

escape-html@~1.0.1:
  version "1.0.3"
  resolved "https://registry.yarnpkg.com/escape-html/-/escape-html-1.0.3.tgz#0258eae4d3d0c0974de1c169188ef0051d1d1988"

font-awesome@^4.6.3:
  version "4.7.0"
  resolved "https://registry.yarnpkg.com/font-awesome/-/font-awesome-4.7.0.tgz#8fa8cf0411a1a31afd07b06d2902bb9fc815a133"

holderjs@holder.js#^2.9.4:
  version "2.9.4"
  resolved "https://registry.yarnpkg.com/holderjs/-/holderjs-2.9.4.tgz#a165dbc2532ebff975491312259d0c520c059898"
  dependencies:
    shaven "^0.8.1"

jquery-ui@^1.13.2:
  version "1.13.2"
  resolved "https://registry.yarnpkg.com/jquery-ui/-/jquery-ui-1.13.2.tgz#de03580ae6604773602f8d786ad1abfb75232034"
  dependencies:
    jquery ">=1.8.0 <4.0.0"

"jquery@>=1.8.0 <4.0.0", jquery@>=1.9.1:
  version "3.6.0"
  resolved "https://registry.yarnpkg.com/jquery/-/jquery-3.6.0.tgz#c72a09f15c1bdce142f49dbf1170bdf8adac2470"

shaven@^0.8.1:
  version "0.8.1"
  resolved "https://registry.yarnpkg.com/shaven/-/shaven-0.8.1.tgz#0f42d4fb32c4048349ff9ee9c296f5effb2dcaaf"
  dependencies:
    escape-html "~1.0.1"

tether@^1.4.0:
  version "1.4.0"
  resolved "https://registry.yarnpkg.com/tether/-/tether-1.4.0.tgz#0f9fa171f75bf58485d8149e94799d7ae74d1c1a"
